
Microsoft Visual Studio Solution File, Format Version 12.00
# Visual Studio Version 17
VisualStudioVersion = 17.7.34221.43
MinimumVisualStudioVersion = 10.0.40219.1
Project("{FAE04EC0-301F-11D3-BF4B-00C04F79EFBC}") = "RentABookManagementAPI", "RentABookManagementAPI\RentABookManagementAPI.csproj", "{B96364E1-37FE-4CAD-9E67-8E1EDEE0286D}"
EndProject
Project("{FAE04EC0-301F-11D3-BF4B-00C04F79EFBC}") = "RentABookManagementAPI-Reopsitary", "RentABookManagementAPI-Reopsitary\RentABookManagementAPI-Reopsitary.csproj", "{3BAC52FA-65D1-48FA-B280-2B2A3A4E5D85}"
EndProject
Global
	GlobalSection(SolutionConfigurationPlatforms) = preSolution
		Debug|Any CPU = Debug|Any CPU
		Release|Any CPU = Release|Any CPU
	EndGlobalSection
	GlobalSection(ProjectConfigurationPlatforms) = postSolution
		{B96364E1-37FE-4CAD-9E67-8E1EDEE0286D}.Debug|Any CPU.ActiveCfg = Debug|Any CPU
		{B96364E1-37FE-4CAD-9E67-8E1EDEE0286D}.Debug|Any CPU.Build.0 = Debug|Any CPU
		{B96364E1-37FE-4CAD-9E67-8E1EDEE0286D}.Release|Any CPU.ActiveCfg = Release|Any CPU
		{B96364E1-37FE-4CAD-9E67-8E1EDEE0286D}.Release|Any CPU.Build.0 = Release|Any CPU
		{3BAC52FA-65D1-48FA-B280-2B2A3A4E5D85}.Debug|Any CPU.ActiveCfg = Debug|Any CPU
		{3BAC52FA-65D1-48FA-B280-2B2A3A4E5D85}.Debug|Any CPU.Build.0 = Debug|Any CPU
		{3BAC52FA-65D1-48FA-B280-2B2A3A4E5D85}.Release|Any CPU.ActiveCfg = Release|Any CPU
		{3BAC52FA-65D1-48FA-B280-2B2A3A4E5D85}.Release|Any CPU.Build.0 = Release|Any CPU
	EndGlobalSection
	GlobalSection(SolutionProperties) = preSolution
		HideSolutionNode = FALSE
	EndGlobalSection
	GlobalSection(ExtensibilityGlobals) = postSolution
		SolutionGuid = {E7196567-3425-49B4-9B38-B0D846387CCE}
	EndGlobalSection
EndGlobal
